{
  "name": "id",
  "version": "1.0.0",
  "lockfileVersion": 3,
  "requires": true,
  "packages": {
    "": {
      "name": "id",
      "version": "1.0.0",
      "license": "ISC",
      "devDependencies": {
        "@types/node": "^20.14.2",
        "turbo": "^2.0.4",
        "typescript": "^5.4.5"
      }
    },
    "node_modules/@types/node": {
      "version": "20.14.2",
      "resolved": "https://registry.npmjs.org/@types/node/-/node-20.14.2.tgz",
      "integrity": "sha512-xyu6WAMVwv6AKFLB+e/7ySZVr/0zLCzOa7rSpq6jNwpqOrUbcACDWC+53d4n2QHOnDou0fbIsg8wZu/sxrnI4Q==",
      "dev": true,
      "license": "MIT",
      "dependencies": {
        "undici-types": "~5.26.4"
      }
    },
    "node_modules/turbo": {
      "version": "2.0.4",
      "resolved": "https://registry.npmjs.org/turbo/-/turbo-2.0.4.tgz",
      "integrity": "sha512-Ilme/2Q5kYw0AeRr+aw3s02+WrEYaY7U8vPnqSZU/jaDG/qd6jHVN6nRWyd/9KXvJGYM69vE6JImoGoyNjLwaw==",
      "dev": true,
      "license": "MIT",
      "bin": {
        "turbo": "bin/turbo"
      },
      "optionalDependencies": {
        "turbo-darwin-64": "2.0.4",
        "turbo-darwin-arm64": "2.0.4",
        "turbo-linux-64": "2.0.4",
        "turbo-linux-arm64": "2.0.4",
        "turbo-windows-64": "2.0.4",
        "turbo-windows-arm64": "2.0.4"
      }
    },
    "node_modules/turbo-darwin-64": {
      "version": "2.0.4",
      "resolved": "https://registry.npmjs.org/turbo-darwin-64/-/turbo-darwin-64-2.0.4.tgz",
      "integrity": "sha512-x9mvmh4wudBstML8Z8IOmokLWglIhSfhQwnh2gBCSqabgVBKYvzl8Y+i+UCNPxheCGTgtsPepTcIaKBIyFIcvw==",
      "cpu": [
        "x64"
      ],
      "dev": true,
      "license": "MIT",
      "optional": true,
      "os": [
        "darwin"
      ]
    },
    "node_modules/turbo-darwin-arm64": {
      "version": "2.0.4",
      "resolved": "https://registry.npmjs.org/turbo-darwin-arm64/-/turbo-darwin-arm64-2.0.4.tgz",
      "integrity": "sha512-/B1Ih8zPRGVw5vw4SlclOf3C/woJ/2T6ieH6u54KT4wypoaVyaiyMqBcziIXycdObIYr7jQ+raHO7q3mhay9/A==",
      "cpu": [
        "arm64"
      ],
      "dev": true,
      "license": "MIT",
      "optional": true,
      "os": [
        "darwin"
      ]
    },
    "node_modules/turbo-linux-64": {
      "version": "2.0.4",
      "resolved": "https://registry.npmjs.org/turbo-linux-64/-/turbo-linux-64-2.0.4.tgz",
      "integrity": "sha512-6aG670e5zOWu6RczEYcB81nEl8EhiGJEvWhUrnAfNEUIMBEH1pR5SsMmG2ol5/m3PgiRM12r13dSqTxCLcHrVg==",
      "cpu": [
        "x64"
      ],
      "dev": true,
      "license": "MIT",
      "optional": true,
      "os": [
        "linux"
      ]
    },
    "node_modules/turbo-linux-arm64": {
      "version": "2.0.4",
      "resolved": "https://registry.npmjs.org/turbo-linux-arm64/-/turbo-linux-arm64-2.0.4.tgz",
      "integrity": "sha512-AXfVOjst+mCtPDFT4tCu08Qrfv12Nj7NDd33AjGwV79NYN1Y1rcFY59UQ4nO3ij3rbcvV71Xc+TZJ4csEvRCSg==",
      "cpu": [
        "arm64"
      ],
      "dev": true,
      "license": "MIT",
      "optional": true,
      "os": [
        "linux"
      ]
    },
    "node_modules/turbo-windows-64": {
      "version": "2.0.4",
      "resolved": "https://registry.npmjs.org/turbo-windows-64/-/turbo-windows-64-2.0.4.tgz",
      "integrity": "sha512-QOnUR9hKl0T5gq5h1fAhVEqBSjpcBi/BbaO71YGQNgsr6pAnCQdbG8/r3MYXet53efM0KTdOhieWeO3KLNKybA==",
      "cpu": [
        "x64"
      ],
      "dev": true,
      "license": "MIT",
      "optional": true,
      "os": [
        "win32"
      ]
    },
    "node_modules/turbo-windows-arm64": {
      "version": "2.0.4",
      "resolved": "https://registry.npmjs.org/turbo-windows-arm64/-/turbo-windows-arm64-2.0.4.tgz",
      "integrity": "sha512-3v8WpdZy1AxZw0gha0q3caZmm+0gveBQ40OspD6mxDBIS+oBtO5CkxhIXkFJJW+jDKmDlM7wXDIGfMEq+QyNCQ==",
      "cpu": [
        "arm64"
      ],
      "dev": true,
      "license": "MIT",
      "optional": true,
      "os": [
        "win32"
      ]
    },
    "node_modules/typescript": {
      "version": "5.4.5",
      "resolved": "https://registry.npmjs.org/typescript/-/typescript-5.4.5.tgz",
      "integrity": "sha512-vcI4UpRgg81oIRUFwR0WSIHKt11nJ7SAVlYNIu+QpqeyXP+gpQJy/Z4+F0aGxSE4MqwjyXvW/TzgkLAx2AGHwQ==",
      "dev": true,
      "license": "Apache-2.0",
      "bin": {
        "tsc": "bin/tsc",
        "tsserver": "bin/tsserver"
      },
      "engines": {
        "node": ">=14.17"
      }
    },
    "node_modules/undici-types": {
      "version": "5.26.5",
      "resolved": "https://registry.npmjs.org/undici-types/-/undici-types-5.26.5.tgz",
      "integrity": "sha512-JlCMO+ehdEIKqlFxk6IfVoAUVmgz7cU7zD/h9XZ0qzeosSHmUJVOzSQvvYSYWXkFXC+IfLKSIffhv0sVZup6pA==",
      "dev": true,
      "license": "MIT"
    }
  }
}
